Microsoft Visual Studio Solution File, Format Version 12.00
# Visual Studio Version 16
VisualStudioVersion = 16.0.30804.86
MinimumVisualStudioVersion = 10.0.40219.1
Project("{FAE04EC0-301F-11D3-BF4B-00C04F79EFBC}") = "Pulse", "Pulse\Pulse.csproj", "{6CF0649C-AFA0-4136-AF98-7603DB6AE888}"
EndProject
Project("{FAE04EC0-301F-11D3-BF4B-00C04F79EFBC}") = "Pulse.iOS", "iOS\Pulse.iOS.csproj", "{3E3AECB1-80AC-44C8-B758-5F94DB9020EF}"
EndProject
Project("{FAE04EC0-301F-11D3-BF4B-00C04F79EFBC}") = "Pulse.Droid", "Droid\Pulse.Droid.csproj", "{88DEAC10-4B40-477C-9884-71A6E6C34FE1}"
EndProject
Global
	GlobalSection(SolutionConfigurationPlatforms) = preSolution
		Debug|Any CPU = Debug|Any CPU
		Debug|iPhone = Debug|iPhone
		Debug|iPhoneSimulator = Debug|iPhoneSimulator
		Release|Any CPU = Release|Any CPU
		Release|iPhone = Release|iPhone
		Release|iPhoneSimulator = Release|iPhoneSimulator
	EndGlobalSection
	GlobalSection(ProjectConfigurationPlatforms) = postSolution
		{6CF0649C-AFA0-4136-AF98-7603DB6AE888}.Debug|Any CPU.ActiveCfg = Debug|Any CPU
		{6CF0649C-AFA0-4136-AF98-7603DB6AE888}.Debug|Any CPU.Build.0 = Debug|Any CPU
		{6CF0649C-AFA0-4136-AF98-7603DB6AE888}.Debug|iPhone.ActiveCfg = Debug|Any CPU
		{6CF0649C-AFA0-4136-AF98-7603DB6AE888}.Debug|iPhone.Build.0 = Debug|Any CPU
		{6CF0649C-AFA0-4136-AF98-7603DB6AE888}.Debug|iPhoneSimulator.ActiveCfg = Debug|Any CPU
		{6CF0649C-AFA0-4136-AF98-7603DB6AE888}.Debug|iPhoneSimulator.Build.0 = Debug|Any CPU
		{6CF0649C-AFA0-4136-AF98-7603DB6AE888}.Release|Any CPU.ActiveCfg = Release|Any CPU
		{6CF0649C-AFA0-4136-AF98-7603DB6AE888}.Release|Any CPU.Build.0 = Release|Any CPU
		{6CF0649C-AFA0-4136-AF98-7603DB6AE888}.Release|iPhone.ActiveCfg = Release|Any CPU
		{6CF0649C-AFA0-4136-AF98-7603DB6AE888}.Release|iPhone.Build.0 = Release|Any CPU
		{6CF0649C-AFA0-4136-AF98-7603DB6AE888}.Release|iPhoneSimulator.ActiveCfg = Release|Any CPU
		{6CF0649C-AFA0-4136-AF98-7603DB6AE888}.Release|iPhoneSimulator.Build.0 = Release|Any CPU
		{3E3AECB1-80AC-44C8-B758-5F94DB9020EF}.Debug|Any CPU.ActiveCfg = Debug|iPhoneSimulator
		{3E3AECB1-80AC-44C8-B758-5F94DB9020EF}.Debug|Any CPU.Build.0 = Debug|iPhoneSimulator
		{3E3AECB1-80AC-44C8-B758-5F94DB9020EF}.Debug|iPhone.ActiveCfg = Debug|iPhone
		{3E3AECB1-80AC-44C8-B758-5F94DB9020EF}.Debug|iPhone.Build.0 = Debug|iPhone
		{3E3AECB1-80AC-44C8-B758-5F94DB9020EF}.Debug|iPhone.Deploy.0 = Debug|iPhone
		{3E3AECB1-80AC-44C8-B758-5F94DB9020EF}.Debug|iPhoneSimulator.ActiveCfg = Debug|iPhoneSimulator
		{3E3AECB1-80AC-44C8-B758-5F94DB9020EF}.Debug|iPhoneSimulator.Build.0 = Debug|iPhoneSimulator
		{3E3AECB1-80AC-44C8-B758-5F94DB9020EF}.Release|Any CPU.ActiveCfg = Release|iPhone
		{3E3AECB1-80AC-44C8-B758-5F94DB9020EF}.Release|Any CPU.Build.0 = Release|iPhone
		{3E3AECB1-80AC-44C8-B758-5F94DB9020EF}.Release|iPhone.ActiveCfg = Release|iPhone
		{3E3AECB1-80AC-44C8-B758-5F94DB9020EF}.Release|iPhone.Build.0 = Release|iPhone
		{3E3AECB1-80AC-44C8-B758-5F94DB9020EF}.Release|iPhoneSimulator.ActiveCfg = Release|iPhoneSimulator
		{3E3AECB1-80AC-44C8-B758-5F94DB9020EF}.Release|iPhoneSimulator.Build.0 = Release|iPhoneSimulator
		{88DEAC10-4B40-477C-9884-71A6E6C34FE1}.Debug|Any CPU.ActiveCfg = Debug|Any CPU
		{88DEAC10-4B40-477C-9884-71A6E6C34FE1}.Debug|Any CPU.Build.0 = Debug|Any CPU
		{88DEAC10-4B40-477C-9884-71A6E6C34FE1}.Debug|Any CPU.Deploy.0 = Debug|Any CPU
		{88DEAC10-4B40-477C-9884-71A6E6C34FE1}.Debug|iPhone.ActiveCfg = Debug|Any CPU
		{88DEAC10-4B40-477C-9884-71A6E6C34FE1}.Debug|iPhone.Build.0 = Debug|Any CPU
		{88DEAC10-4B40-477C-9884-71A6E6C34FE1}.Debug|iPhoneSimulator.ActiveCfg = Debug|Any CPU
		{88DEAC10-4B40-477C-9884-71A6E6C34FE1}.Debug|iPhoneSimulator.Build.0 = Debug|Any CPU
		{88DEAC10-4B40-477C-9884-71A6E6C34FE1}.Release|Any CPU.ActiveCfg = Release|Any CPU
		{88DEAC10-4B40-477C-9884-71A6E6C34FE1}.Release|Any CPU.Build.0 = Release|Any CPU
		{88DEAC10-4B40-477C-9884-71A6E6C34FE1}.Release|iPhone.ActiveCfg = Release|Any CPU
		{88DEAC10-4B40-477C-9884-71A6E6C34FE1}.Release|iPhone.Build.0 = Release|Any CPU
		{88DEAC10-4B40-477C-9884-71A6E6C34FE1}.Release|iPhoneSimulator.ActiveCfg = Release|Any CPU
		{88DEAC10-4B40-477C-9884-71A6E6C34FE1}.Release|iPhoneSimulator.Build.0 = Release|Any CPU
	EndGlobalSection
	GlobalSection(SolutionProperties) = preSolution
		HideSolutionNode = FALSE
	EndGlobalSection
	GlobalSection(ExtensibilityGlobals) = postSolution
		SolutionGuid = {171F530D-562F-428E-858F-1E8E43B66934}
	EndGlobalSection
EndGlobal
